
Microsoft Visual Studio Solution File, Format Version 12.00
# Visual Studio Version 17
VisualStudioVersion = 17.4.33205.214
MinimumVisualStudioVersion = 10.0.40219.1
Project("{FAE04EC0-301F-11D3-BF4B-00C04F79EFBC}") = "TimeIncluding", "TimeIncluding\TimeIncluding.csproj", "{EC308DCA-F9A4-4A5C-88BA-CDE5BD254585}"
EndProject
Global
	GlobalSection(SolutionConfigurationPlatforms) = preSolution
		Debug|Any CPU = Debug|Any CPU
		Release|Any CPU = Release|Any CPU
	EndGlobalSection
	GlobalSection(ProjectConfigurationPlatforms) = postSolution
		{EC308DCA-F9A4-4A5C-88BA-CDE5BD254585}.Debug|Any CPU.ActiveCfg = Debug|Any CPU
		{EC308DCA-F9A4-4A5C-88BA-CDE5BD254585}.Debug|Any CPU.Build.0 = Debug|Any CPU
		{EC308DCA-F9A4-4A5C-88BA-CDE5BD254585}.Release|Any CPU.ActiveCfg = Release|Any CPU
		{EC308DCA-F9A4-4A5C-88BA-CDE5BD254585}.Release|Any CPU.Build.0 = Release|Any CPU
	EndGlobalSection
	GlobalSection(SolutionProperties) = preSolution
		HideSolutionNode = FALSE
	EndGlobalSection
	GlobalSection(ExtensibilityGlobals) = postSolution
		SolutionGuid = {313431F7-B3FD-4DC6-A273-4040A7F72616}
	EndGlobalSection
EndGlobal
